
Microsoft Visual Studio Solution File, Format Version 12.00
# Visual Studio Version 16
VisualStudioVersion = 16.0.30804.86
MinimumVisualStudioVersion = 10.0.40219.1
Project("{FAE04EC0-301F-11D3-BF4B-00C04F79EFBC}") = "BookStoreAPI", "BookStoreAPI\BookStoreAPI.csproj", "{5DEC004B-CE5C-4242-A484-FA31056C45B0}"
EndProject
Global
	GlobalSection(SolutionConfigurationPlatforms) = preSolution
		Debug|Any CPU = Debug|Any CPU
		Release|Any CPU = Release|Any CPU
	EndGlobalSection
	GlobalSection(ProjectConfigurationPlatforms) = postSolution
		{5DEC004B-CE5C-4242-A484-FA31056C45B0}.Debug|Any CPU.ActiveCfg = Debug|Any CPU
		{5DEC004B-CE5C-4242-A484-FA31056C45B0}.Debug|Any CPU.Build.0 = Debug|Any CPU
		{5DEC004B-CE5C-4242-A484-FA31056C45B0}.Release|Any CPU.ActiveCfg = Release|Any CPU
		{5DEC004B-CE5C-4242-A484-FA31056C45B0}.Release|Any CPU.Build.0 = Release|Any CPU
	EndGlobalSection
	GlobalSection(SolutionProperties) = preSolution
		HideSolutionNode = FALSE
	EndGlobalSection
	GlobalSection(ExtensibilityGlobals) = postSolution
		SolutionGuid = {9379B147-5C6E-43D3-AAFF-ED6D103BBE33}
	EndGlobalSection
EndGlobal
